github.com/alecthomas/chroma v0.10.0 h1:7XDcGkCQopCNKjZHfYrNLraA+M7e0fMiJ/Mfikbfjek=
github.com/alecthomas/chroma v0.10.0/go.mod h1:jtJATyUxlIORhUOFNA9NZDWGAQ8wpxQQqNSB4rjA/1s=
github.com/alessio/shellescape v1.4.1 h1:V7yhSDDn8LP4lc4jS8pFkt0zCnzVJlG5JXy9BVKJUX0=
github.com/alessio/shellescape v1.4.1/go.mod h1:PZAiSCk0LJaZkiCSkPv8qIobYglO3FPpyFjDCtHLS30=
github.com/danieljoos/wincred v1.1.0 h1:3RNcEpBg4IhIChZdFRSdlQt1QjCp1sMAPIrOnm7Yf8g=
github.com/danieljoos/wincred v1.1.0/go.mod h1:XYlo+eRTsVA9aHGp7NGjFkPla4m+DCL7hqDjlFjiygg=
github.com/davecgh/go-spew v1.1.0/go.mod h1:J7Y8YcW2NihsgmVo/mv3lAwl/skON4iLHjSsI+c5H38=
github.com/davecgh/go-spew v1.1.1 h1:vj9j/u1bqnvCEfJOwUhtlOARqs3+rkHYY13jYWTU97c=
github.com/davecgh/go-spew v1.1.1/go.mod h1:J7Y8YcW2NihsgmVo/mv3lAwl/skON4iLHjSsI+c5H38=
github.com/diamondburned/adaptive v0.0.2-0.20220226002257-ef8720b54399 h1:MGJoYuTUukTa+y3XIAvQQmZAOO2JeRTefkdxhsoPfSY=
github.com/diamondburned/adaptive v0.0.2-0.20220226002257-ef8720b54399/go.mod h1:cLoCdQtpCp/TSJBJTgXe7W2FJNelXrmPv+X7luB6/Qg=
github.com/diamondburned/gotk4/pkg v0.0.0-20220225135826-2bb7260a63bb/go.mod h1:dJ2gfR0gvBsGg4IteP8aMBq/U5Q9boDw0DP7kAjXTwM=
github.com/diamondburned/gotk4/pkg v0.0.0-20220417091308-856167c02355 h1:5J/EC+03IaQPbg8llTadKW7e+hNWBaY/eZXm5cXPTas=
github.com/diamondburned/gotk4/pkg v0.0.0-20220417091308-856167c02355/go.mod h1:rLH6FHos690jFgAM/GYEpMykuE/9NmN6zOvFlr8JTvE=
github.com/diamondburned/gotkit v0.0.0-20220701031318-510b7c374877 h1:/51CzU0/634sQR45O0ACoc31+SYe1GjfYfDsTY98xFs=
github.com/diamondburned/gotkit v0.0.0-20220701031318-510b7c374877/go.mod h1:vPfJRyjYv+hBfsnWf9Ouacp1Urltx8/qy5b0TWyeZNo=
github.com/dlclark/regexp2 v1.4.0 h1:F1rxgk7p4uKjwIQxBs9oAXe5CqrXlCduYEJvrF4u93E=
github.com/dlclark/regexp2 v1.4.0/go.mod h1:2pZnwuY/m+8K6iRw6wQdMtk+rH5tNGR1i55kozfMjCc=
github.com/dustin/go-humanize v1.0.0 h1:VSnTsYCnlFHaM2/igO1h6X3HA71jcobQuxemgkq4zYo=
github.com/dustin/go-humanize v1.0.0/go.mod h1:HtrtbFcZ19U5GC7JDqmcUSB87Iq5E25KnS6fMYU6eOk=
github.com/godbus/dbus/v5 v5.0.6 h1:mkgN1ofwASrYnJ5W6U/BxG15eXXXjirgZc7CLqkcaro=
github.com/godbus/dbus/v5 v5.0.6/go.mod h1:xhWf0FNVPg57R7Z0UbKHbJfkEywrmjJnf7w5xrFpKfA=
github.com/pkg/errors v0.9.1 h1:FEBLx1zS214owpjy7qsBeixbURkuhQAwrK5UwLGTwt4=
github.com/pkg/errors v0.9.1/go.mod h1:bwawxfHBFNV+L2hUp1rHADufV3IMtnDRdf1r5NINEl0=
github.com/pmezard/go-difflib v1.0.0 h1:4DBwDE0NGyQoBHbLQYPwSUPoCMWR5BEzIk/f1lZbAQM=
github.com/pmezard/go-difflib v1.0.0/go.mod h1:iKH77koFhYxTK1pcRnkKkqfTogsbg7gZNVY4sRDYZ/4=
github.com/stretchr/objx v0.1.0 h1:4G4v2dO3VZwixGIRoQ5Lfboy6nUhCyYzaqnIAPPhYs4=
github.com/stretchr/objx v0.1.0/go.mod h1:HFkY916IF+rwdDfMAkV7OtwuqBVzrE8GR6GFx+wExME=
github.com/stretchr/testify v1.5.1/go.mod h1:5W2xD1RspED5o8YsWQXVCued0rvSQ+mT+I5cxcmMvtA=
github.com/stretchr/testify v1.7.0 h1:nwc3DEeHmmLAfoZucVR881uASk0Mfjw8xYJ99tb5CcY=
github.com/stretchr/testify v1.7.0/go.mod h1:6Fq8oRcR53rry900zMqJjRRixrwX3KX962/h/Wwjteg=
github.com/yuin/goldmark v1.4.11 h1:i45YIzqLnUc2tGaTlJCyUxSG8TvgyGqhqOZOUKIjJ6w=
github.com/yuin/goldmark v1.4.11/go.mod h1:rmuwmfZ0+bvzB24eSC//bk1R1Zp3hM0OXYv/G2LIilg=
github.com/zalando/go-keyring v0.2.1 h1:MBRN/Z8H4U5wEKXiD67YbDAr5cj/DOStmSga70/2qKc=
github.com/zalando/go-keyring v0.2.1/go.mod h1:g63M2PPn0w5vjmEbwAX3ib5I+41zdm4esSETOn9Y6Dw=
go4.org/unsafe/assume-no-moving-gc v0.0.0-20201222180813-1025295fd063/go.mod h1:FftLjUGFEDu5k8lt0ddY+HcrH/qU/0qk+H8j9/nTl3E=
go4.org/unsafe/assume-no-moving-gc v0.0.0-20211027215541-db492cf91b37 h1:Tx9kY6yUkLge/pFG7IEMwDZy6CS2ajFc9TvQdPCW0uA=
go4.org/unsafe/assume-no-moving-gc v0.0.0-20211027215541-db492cf91b37/go.mod h1:FftLjUGFEDu5k8lt0ddY+HcrH/qU/0qk+H8j9/nTl3E=
golang.org/x/crypto v0.0.0-20220321153916-2c7772ba3064 h1:S25/rfnfsMVgORT4/J61MJ7rdyseOZOyvLIrZEZ7s6s=
golang.org/x/crypto v0.0.0-20220321153916-2c7772ba3064/go.mod h1:IxCIyHEi3zRg3s0A5j5BB6A9Jmi73HwBIUl50j+osU4=
golang.org/x/net v0.0.0-20211112202133-69e39bad7dc2/go.mod h1:9nx3DQGgdP8bBQD5qxJ1jj9UTztislL4KSBs9R2vV5Y=
golang.org/x/sync v0.0.0-20210220032951-036812b2e83c h1:5KslGYwFpkhGh+Q16bwMP3cOontH8FOep7tGV86Y7SQ=
golang.org/x/sync v0.0.0-20210220032951-036812b2e83c/go.mod h1:RxMgew5VJxzue5/jJTE5uejpjVlOe/izrB70Jof72aM=
golang.org/x/sys v0.0.0-20201119102817-f84b799fce68/go.mod h1:h1NjWce9XRLGQEsW7wpKNCjG9DtNlClVuFLEZdDNbEs=
golang.org/x/sys v0.0.0-20210423082822-04245dca01da/go.mod h1:h1NjWce9XRLGQEsW7wpKNCjG9DtNlClVuFLEZdDNbEs=
golang.org/x/sys v0.0.0-20210615035016-665e8c7367d1/go.mod h1:oPkhp1MJrh7nUepCBck5+mAzfO9JrbApNNgaTdGDITg=
golang.org/x/term v0.0.0-20201126162022-7de9c90e9dd1/go.mod h1:bj7SfCRtBDWHUb9snDiAeCFNEtKQo2Wmx5Cou7ajbmo=
golang.org/x/text v0.3.6/go.mod h1:5Zoc/QRtKVWzQhOtBMvqHzDpF6irO9z98xDceosuGiQ=
golang.org/x/text v0.3.7 h1:olpwvP2KacW1ZWvsR7uQhoyTYvKAupfQrRGBFM352Gk=
golang.org/x/text v0.3.7/go.mod h1:u+2+/6zg+i71rQMx5EYifcz6MCKuco9NR6JIITiCfzQ=
golang.org/x/tools v0.0.0-20180917221912-90fa682c2a6e h1:FDhOuMEY4JVRztM/gsbk+IKUQ8kj74bxZrgw87eMMVc=
golang.org/x/tools v0.0.0-20180917221912-90fa682c2a6e/go.mod h1:n7NCudcB/nEzxVGmLbDWY5pfWTLqBcC2KZ6jyYvM4mQ=
gopkg.in/check.v1 v0.0.0-20161208181325-20d25e280405/go.mod h1:Co6ibVJAznAaIkqp8huTwlJQCZ016jof/cbN4VW5Yz0=
gopkg.in/yaml.v2 v2.2.2/go.mod h1:hI93XBmqTisBFMUTm0b8Fm+jr3Dg1NNxqwp+5A1VGuI=
gopkg.in/yaml.v2 v2.4.0/go.mod h1:RDklbk79AGWmwhnvt/jBztapEOGDOx6ZbXqjP6csGnQ=
gopkg.in/yaml.v3 v3.0.0-20200313102051-9f266ea9e77c h1:dUUwHk2QECo/6vqA44rthZ8ie2QXMNeKRTHCNY2nXvo=
gopkg.in/yaml.v3 v3.0.0-20200313102051-9f266ea9e77c/go.mod h1:K4uyk7z7BCEPqu6E+C64Yfv1cQ7kz7rIZviUmN+EgEM=
